
Microsoft Visual Studio Solution File, Format Version 12.00
# Visual Studio Version 17
VisualStudioVersion = 17.5.33516.290
MinimumVisualStudioVersion = 10.0.40219.1
Project("{FAE04EC0-301F-11D3-BF4B-00C04F79EFBC}") = "wfaPorto", "wfaPorto\wfaPorto.csproj", "{1181949C-ADB5-4987-A01B-94CC1E209632}"
EndProject
Global
	GlobalSection(SolutionConfigurationPlatforms) = preSolution
		Debug|Any CPU = Debug|Any CPU
		Release|Any CPU = Release|Any CPU
	EndGlobalSection
	GlobalSection(ProjectConfigurationPlatforms) = postSolution
		{1181949C-ADB5-4987-A01B-94CC1E209632}.Debug|Any CPU.ActiveCfg = Debug|Any CPU
		{1181949C-ADB5-4987-A01B-94CC1E209632}.Debug|Any CPU.Build.0 = Debug|Any CPU
		{1181949C-ADB5-4987-A01B-94CC1E209632}.Release|Any CPU.ActiveCfg = Release|Any CPU
		{1181949C-ADB5-4987-A01B-94CC1E209632}.Release|Any CPU.Build.0 = Release|Any CPU
	EndGlobalSection
	GlobalSection(SolutionProperties) = preSolution
		HideSolutionNode = FALSE
	EndGlobalSection
	GlobalSection(ExtensibilityGlobals) = postSolution
		SolutionGuid = {83393A79-FF29-4BA8-8F76-48F20169D3B1}
	EndGlobalSection
EndGlobal
