
Microsoft Visual Studio Solution File, Format Version 12.00
# Visual Studio Version 17
VisualStudioVersion = 17.5.33516.290
MinimumVisualStudioVersion = 10.0.40219.1
Project("{FAE04EC0-301F-11D3-BF4B-00C04F79EFBC}") = "wfaTrocaPecas", "wfaTrocaPecas\wfaTrocaPecas.csproj", "{348F28CA-05F7-45E0-98F7-82E27B00C064}"
EndProject
Global
	GlobalSection(SolutionConfigurationPlatforms) = preSolution
		Debug|Any CPU = Debug|Any CPU
		Release|Any CPU = Release|Any CPU
	EndGlobalSection
	GlobalSection(ProjectConfigurationPlatforms) = postSolution
		{348F28CA-05F7-45E0-98F7-82E27B00C064}.Debug|Any CPU.ActiveCfg = Debug|Any CPU
		{348F28CA-05F7-45E0-98F7-82E27B00C064}.Debug|Any CPU.Build.0 = Debug|Any CPU
		{348F28CA-05F7-45E0-98F7-82E27B00C064}.Release|Any CPU.ActiveCfg = Release|Any CPU
		{348F28CA-05F7-45E0-98F7-82E27B00C064}.Release|Any CPU.Build.0 = Release|Any CPU
	EndGlobalSection
	GlobalSection(SolutionProperties) = preSolution
		HideSolutionNode = FALSE
	EndGlobalSection
	GlobalSection(ExtensibilityGlobals) = postSolution
		SolutionGuid = {420A84AC-8DF4-4E67-959F-DE32F8092507}
	EndGlobalSection
EndGlobal
